Microsoft Visual Studio Solution File, Format Version 12.00
# Visual Studio Version 17
VisualStudioVersion = 17.5.2.0
MinimumVisualStudioVersion = 10.0.40219.1
Project("{2150E333-8FDC-42A3-9474-1A3956D46DE8}") = "server", "server", "{DAD03CFC-D5FA-AC94-41C7-9ABAB326F09E}"
EndProject
Project("{FAE04EC0-301F-11D3-BF4B-00C04F79EFBC}") = "Apis", "server\Apis\Apis.csproj", "{BD113BA6-CB1C-431A-3C7C-23B69FB5D716}"
EndProject
Project("{FAE04EC0-301F-11D3-BF4B-00C04F79EFBC}") = "Application", "server\Application\Application.csproj", "{3D4997DC-BEC7-3CA2-3743-0197A4CD8539}"
EndProject
Project("{2150E333-8FDC-42A3-9474-1A3956D46DE8}") = "Core", "Core", "{03DCFA83-AD3C-6EED-E953-26022A5B7A48}"
EndProject
Project("{FAE04EC0-301F-11D3-BF4B-00C04F79EFBC}") = "Domain", "server\Core\Domain.csproj", "{08DE4229-3FD3-96BF-4156-FAFC26C049D4}"
EndProject
Project("{FAE04EC0-301F-11D3-BF4B-00C04F79EFBC}") = "Hubs", "server\Hubs\Hubs.csproj", "{8B56CC29-587C-E241-7828-8B02ECD42BBC}"
EndProject
Project("{FAE04EC0-301F-11D3-BF4B-00C04F79EFBC}") = "Infrastructure", "server\Infrastructure\Infrastructure.csproj", "{2D1F734E-6FDD-6F78-E815-31C9397167EC}"
EndProject
Project("{FAE04EC0-301F-11D3-BF4B-00C04F79EFBC}") = "Tests", "server\Tests\Tests.csproj", "{24262EC4-4651-471C-9DDB-CEE6A697752C}"
EndProject
Global
	GlobalSection(SolutionConfigurationPlatforms) = preSolution
		Debug|Any CPU = Debug|Any CPU
		Release|Any CPU = Release|Any CPU
	EndGlobalSection
	GlobalSection(ProjectConfigurationPlatforms) = postSolution
		{BD113BA6-CB1C-431A-3C7C-23B69FB5D716}.Debug|Any CPU.ActiveCfg = Debug|Any CPU
		{BD113BA6-CB1C-431A-3C7C-23B69FB5D716}.Debug|Any CPU.Build.0 = Debug|Any CPU
		{BD113BA6-CB1C-431A-3C7C-23B69FB5D716}.Release|Any CPU.ActiveCfg = Release|Any CPU
		{BD113BA6-CB1C-431A-3C7C-23B69FB5D716}.Release|Any CPU.Build.0 = Release|Any CPU
		{3D4997DC-BEC7-3CA2-3743-0197A4CD8539}.Debug|Any CPU.ActiveCfg = Debug|Any CPU
		{3D4997DC-BEC7-3CA2-3743-0197A4CD8539}.Debug|Any CPU.Build.0 = Debug|Any CPU
		{3D4997DC-BEC7-3CA2-3743-0197A4CD8539}.Release|Any CPU.ActiveCfg = Release|Any CPU
		{3D4997DC-BEC7-3CA2-3743-0197A4CD8539}.Release|Any CPU.Build.0 = Release|Any CPU
		{08DE4229-3FD3-96BF-4156-FAFC26C049D4}.Debug|Any CPU.ActiveCfg = Debug|Any CPU
		{08DE4229-3FD3-96BF-4156-FAFC26C049D4}.Debug|Any CPU.Build.0 = Debug|Any CPU
		{08DE4229-3FD3-96BF-4156-FAFC26C049D4}.Release|Any CPU.ActiveCfg = Release|Any CPU
		{08DE4229-3FD3-96BF-4156-FAFC26C049D4}.Release|Any CPU.Build.0 = Release|Any CPU
		{8B56CC29-587C-E241-7828-8B02ECD42BBC}.Debug|Any CPU.ActiveCfg = Debug|Any CPU
		{8B56CC29-587C-E241-7828-8B02ECD42BBC}.Debug|Any CPU.Build.0 = Debug|Any CPU
		{8B56CC29-587C-E241-7828-8B02ECD42BBC}.Release|Any CPU.ActiveCfg = Release|Any CPU
		{8B56CC29-587C-E241-7828-8B02ECD42BBC}.Release|Any CPU.Build.0 = Release|Any CPU
		{2D1F734E-6FDD-6F78-E815-31C9397167EC}.Debug|Any CPU.ActiveCfg = Debug|Any CPU
		{2D1F734E-6FDD-6F78-E815-31C9397167EC}.Debug|Any CPU.Build.0 = Debug|Any CPU
		{2D1F734E-6FDD-6F78-E815-31C9397167EC}.Release|Any CPU.ActiveCfg = Release|Any CPU
		{2D1F734E-6FDD-6F78-E815-31C9397167EC}.Release|Any CPU.Build.0 = Release|Any CPU
		{24262EC4-4651-471C-9DDB-CEE6A697752C}.Debug|Any CPU.ActiveCfg = Debug|Any CPU
		{24262EC4-4651-471C-9DDB-CEE6A697752C}.Debug|Any CPU.Build.0 = Debug|Any CPU
		{24262EC4-4651-471C-9DDB-CEE6A697752C}.Release|Any CPU.ActiveCfg = Release|Any CPU
		{24262EC4-4651-471C-9DDB-CEE6A697752C}.Release|Any CPU.Build.0 = Release|Any CPU
	EndGlobalSection
	GlobalSection(SolutionProperties) = preSolution
		HideSolutionNode = FALSE
	EndGlobalSection
	GlobalSection(NestedProjects) = preSolution
		{BD113BA6-CB1C-431A-3C7C-23B69FB5D716} = {DAD03CFC-D5FA-AC94-41C7-9ABAB326F09E}
		{3D4997DC-BEC7-3CA2-3743-0197A4CD8539} = {DAD03CFC-D5FA-AC94-41C7-9ABAB326F09E}
		{03DCFA83-AD3C-6EED-E953-26022A5B7A48} = {DAD03CFC-D5FA-AC94-41C7-9ABAB326F09E}
		{08DE4229-3FD3-96BF-4156-FAFC26C049D4} = {03DCFA83-AD3C-6EED-E953-26022A5B7A48}
		{8B56CC29-587C-E241-7828-8B02ECD42BBC} = {DAD03CFC-D5FA-AC94-41C7-9ABAB326F09E}
		{2D1F734E-6FDD-6F78-E815-31C9397167EC} = {DAD03CFC-D5FA-AC94-41C7-9ABAB326F09E}
		{24262EC4-4651-471C-9DDB-CEE6A697752C} = {DAD03CFC-D5FA-AC94-41C7-9ABAB326F09E}
	EndGlobalSection
	GlobalSection(ExtensibilityGlobals) = postSolution
		SolutionGuid = {5E1EA26B-4549-403E-B610-192D16051FDA}
	EndGlobalSection
EndGlobal
